
Microsoft Visual Studio Solution File, Format Version 12.00
# Visual Studio Version 16
VisualStudioVersion = 16.0.29609.76
MinimumVisualStudioVersion = 10.0.40219.1
Project("{FAE04EC0-301F-11D3-BF4B-00C04F79EFBC}") = "ForTheExam", "ForTheExam\ForTheExam.csproj", "{AFB03120-9AAB-499A-9E74-2448C92CE9FB}"
EndProject
Project("{9A19103F-16F7-4668-BE54-9A1E7A4F7556}") = "ForTheExam.Library", "ForTheExam.Library\ForTheExam.Library.csproj", "{29EA1751-AA88-4386-A11B-A89A0C6E365F}"
EndProject
Global
	GlobalSection(SolutionConfigurationPlatforms) = preSolution
		Debug|Any CPU = Debug|Any CPU
		Release|Any CPU = Release|Any CPU
	EndGlobalSection
	GlobalSection(ProjectConfigurationPlatforms) = postSolution
		{AFB03120-9AAB-499A-9E74-2448C92CE9FB}.Debug|Any CPU.ActiveCfg = Debug|Any CPU
		{AFB03120-9AAB-499A-9E74-2448C92CE9FB}.Debug|Any CPU.Build.0 = Debug|Any CPU
		{AFB03120-9AAB-499A-9E74-2448C92CE9FB}.Release|Any CPU.ActiveCfg = Release|Any CPU
		{AFB03120-9AAB-499A-9E74-2448C92CE9FB}.Release|Any CPU.Build.0 = Release|Any CPU
		{29EA1751-AA88-4386-A11B-A89A0C6E365F}.Debug|Any CPU.ActiveCfg = Debug|Any CPU
		{29EA1751-AA88-4386-A11B-A89A0C6E365F}.Debug|Any CPU.Build.0 = Debug|Any CPU
		{29EA1751-AA88-4386-A11B-A89A0C6E365F}.Release|Any CPU.ActiveCfg = Release|Any CPU
		{29EA1751-AA88-4386-A11B-A89A0C6E365F}.Release|Any CPU.Build.0 = Release|Any CPU
	EndGlobalSection
	GlobalSection(SolutionProperties) = preSolution
		HideSolutionNode = FALSE
	EndGlobalSection
	GlobalSection(ExtensibilityGlobals) = postSolution
		SolutionGuid = {675F0483-6E56-40DD-832F-6CE1C93AE73D}
	EndGlobalSection
EndGlobal
